
Microsoft Visual Studio Solution File, Format Version 12.00
# Visual Studio 15
Project("{FAE04EC0-301F-11D3-BF4B-00C04F79EFBC}") = "Assembly-CSharp", "Assembly-CSharp.csproj", "{A3B63EB5-BAC5-84E2-F648-9803BAFA9507}"
EndProject
Project("{FAE04EC0-301F-11D3-BF4B-00C04F79EFBC}") = "Assembly-CSharp-Editor", "Assembly-CSharp-Editor.csproj", "{08EA983E-3AB0-1F5D-BA21-28D4C4A32846}"
EndProject
Global
	GlobalSection(SolutionConfigurationPlatforms) = preSolution
		Debug|Any CPU = Debug|Any CPU
		Release|Any CPU = Release|Any CPU
	EndGlobalSection
	GlobalSection(ProjectConfigurationPlatforms) = postSolution
		{A3B63EB5-BAC5-84E2-F648-9803BAFA9507}.Debug|Any CPU.ActiveCfg = Debug|Any CPU
		{A3B63EB5-BAC5-84E2-F648-9803BAFA9507}.Debug|Any CPU.Build.0 = Debug|Any CPU
		{A3B63EB5-BAC5-84E2-F648-9803BAFA9507}.Release|Any CPU.ActiveCfg = Release|Any CPU
		{A3B63EB5-BAC5-84E2-F648-9803BAFA9507}.Release|Any CPU.Build.0 = Release|Any CPU
		{08EA983E-3AB0-1F5D-BA21-28D4C4A32846}.Debug|Any CPU.ActiveCfg = Debug|Any CPU
		{08EA983E-3AB0-1F5D-BA21-28D4C4A32846}.Debug|Any CPU.Build.0 = Debug|Any CPU
		{08EA983E-3AB0-1F5D-BA21-28D4C4A32846}.Release|Any CPU.ActiveCfg = Release|Any CPU
		{08EA983E-3AB0-1F5D-BA21-28D4C4A32846}.Release|Any CPU.Build.0 = Release|Any CPU
	EndGlobalSection
	GlobalSection(SolutionProperties) = preSolution
		HideSolutionNode = FALSE
	EndGlobalSection
EndGlobal
